
Microsoft Visual Studio Solution File, Format Version 12.00
# Visual Studio 2013
VisualStudioVersion = 12.0.30723.0
MinimumVisualStudioVersion = 10.0.40219.1
Project("{FAE04EC0-301F-11D3-BF4B-00C04F79EFBC}") = "resharper-template-compiler", "resharper-template-compiler\resharper-template-compiler.csproj", "{F7A86A0B-16AF-442C-96DD-CD3C49473E2F}"
EndProject
Project("{FAE04EC0-301F-11D3-BF4B-00C04F79EFBC}") = "tests", "tests\tests.csproj", "{8791EBD8-98E4-4099-A383-1ED8153DDDE3}"
EndProject
Global
	GlobalSection(SolutionConfigurationPlatforms) = preSolution
		Debug|Any CPU = Debug|Any CPU
		Release|Any CPU = Release|Any CPU
	EndGlobalSection
	GlobalSection(ProjectConfigurationPlatforms) = postSolution
		{F7A86A0B-16AF-442C-96DD-CD3C49473E2F}.Debug|Any CPU.ActiveCfg = Debug|Any CPU
		{F7A86A0B-16AF-442C-96DD-CD3C49473E2F}.Debug|Any CPU.Build.0 = Debug|Any CPU
		{F7A86A0B-16AF-442C-96DD-CD3C49473E2F}.Release|Any CPU.ActiveCfg = Release|Any CPU
		{F7A86A0B-16AF-442C-96DD-CD3C49473E2F}.Release|Any CPU.Build.0 = Release|Any CPU
		{8791EBD8-98E4-4099-A383-1ED8153DDDE3}.Debug|Any CPU.ActiveCfg = Debug|Any CPU
		{8791EBD8-98E4-4099-A383-1ED8153DDDE3}.Debug|Any CPU.Build.0 = Debug|Any CPU
		{8791EBD8-98E4-4099-A383-1ED8153DDDE3}.Release|Any CPU.ActiveCfg = Release|Any CPU
		{8791EBD8-98E4-4099-A383-1ED8153DDDE3}.Release|Any CPU.Build.0 = Release|Any CPU
	EndGlobalSection
	GlobalSection(SolutionProperties) = preSolution
		HideSolutionNode = FALSE
	EndGlobalSection
EndGlobal
